// !$*UTF8*$!
{
	archiveVersion = 1;
	classes = {
	};
	objectVersion = 55;
	objects = {

/* Begin PBXBuildFile section */
		70D2DBA12888CD7F00037705 /* Tests_iOS.swift in Sources */ = {isa = PBXBuildFile; fileRef = 70D2DBA02888CD7F00037705 /* Tests_iOS.swift */; };
		70D2DBA32888CD7F00037705 /* Tests_iOSLaunchTests.swift in Sources */ = {isa = PBXBuildFile; fileRef = 70D2DBA22888CD7F00037705 /* Tests_iOSLaunchTests.swift */; };
		70D2DBAD2888CD7F00037705 /* Tests_macOS.swift in Sources */ = {isa = PBXBuildFile; fileRef = 70D2DBAC2888CD7F00037705 /* Tests_macOS.swift */; };
		70D2DBAF2888CD7F00037705 /* Tests_macOSLaunchTests.swift in Sources */ = {isa = PBXBuildFile; fileRef = 70D2DBAE2888CD7F00037705 /* Tests_macOSLaunchTests.swift */; };
		70D2DBB02888CD7F00037705 /* checkpointApp.swift in Sources */ = {isa = PBXBuildFile; fileRef = 70D2DB882888CD7F00037705 /* checkpointApp.swift */; };
		70D2DBB12888CD7F00037705 /* checkpointApp.swift in Sources */ = {isa = PBXBuildFile; fileRef = 70D2DB882888CD7F00037705 /* checkpointApp.swift */; };
		70D2DBB22888CD7F00037705 /* ContentView.swift in Sources */ = {isa = PBXBuildFile; fileRef = 70D2DB892888CD7F00037705 /* ContentView.swift */; };
		70D2DBB32888CD7F00037705 /* ContentView.swift in Sources */ = {isa = PBXBuildFile; fileRef = 70D2DB892888CD7F00037705 /* ContentView.swift */; };
		70D2DBB42888CD7F00037705 /* Assets.xcassets in Resources */ = {isa = PBXBuildFile; fileRef = 70D2DB8A2888CD7F00037705 /* Assets.xcassets */; };
		70D2DBB52888CD7F00037705 /* Assets.xcassets in Resources */ = {isa = PBXBuildFile; fileRef = 70D2DB8A2888CD7F00037705 /* Assets.xcassets */; };
/* End PBXBuildFile section */

/* Begin PBXContainerItemProxy section */
		70D2DB9D2888CD7F00037705 /* PBXContainerItemProxy */ = {
			isa = PBXContainerItemProxy;
			containerPortal = 70D2DB832888CD7F00037705 /* Project object */;
			proxyType = 1;
			remoteGlobalIDString = 70D2DB8E2888CD7F00037705;
			remoteInfo = "checkpoint (iOS)";
		};
		70D2DBA92888CD7F00037705 /* PBXContainerItemProxy */ = {
			isa = PBXContainerItemProxy;
			containerPortal = 70D2DB832888CD7F00037705 /* Project object */;
			proxyType = 1;
			remoteGlobalIDString = 70D2DB942888CD7F00037705;
			remoteInfo = "checkpoint (macOS)";
		};
/* End PBXContainerItemProxy section */

/* Begin PBXFileReference section */
		70D2DB882888CD7F00037705 /* checkpointApp.swift */ = {isa = PBXFileReference; lastKnownFileType = sourcecode.swift; path = checkpointApp.swift; sourceTree = "<group>"; };
		70D2DB892888CD7F00037705 /* ContentView.swift */ = {isa = PBXFileReference; lastKnownFileType = sourcecode.swift; path = ContentView.swift; sourceTree = "<group>"; };
		70D2DB8A2888CD7F00037705 /* Assets.xcassets */ = {isa = PBXFileReference; lastKnownFileType = folder.assetcatalog; path = Assets.xcassets; sourceTree = "<group>"; };
		70D2DB8F2888CD7F00037705 /* checkpoint.app */ = {isa = PBXFileReference; explicitFileType = wrapper.application; includeInIndex = 0; path = checkpoint.app; sourceTree = BUILT_PRODUCTS_DIR; };
		70D2DB952888CD7F00037705 /* checkpoint.app */ = {isa = PBXFileReference; explicitFileType = wrapper.application; includeInIndex = 0; path = checkpoint.app; sourceTree = BUILT_PRODUCTS_DIR; };
		70D2DB972888CD7F00037705 /* macOS.entitlements */ = {isa = PBXFileReference; lastKnownFileType = text.plist.entitlements; path = macOS.entitlements; sourceTree = "<group>"; };
		70D2DB9C2888CD7F00037705 /* Tests iOS.xctest */ = {isa = PBXFileReference; explicitFileType = wrapper.cfbundle; includeInIndex = 0; path = "Tests iOS.xctest"; sourceTree = BUILT_PRODUCTS_DIR; };
		70D2DBA02888CD7F00037705 /* Tests_iOS.swift */ = {isa = PBXFileReference; lastKnownFileType = sourcecode.swift; path = Tests_iOS.swift; sourceTree = "<group>"; };
		70D2DBA22888CD7F00037705 /* Tests_iOSLaunchTests.swift */ = {isa = PBXFileReference; lastKnownFileType = sourcecode.swift; path = Tests_iOSLaunchTests.swift; sourceTree = "<group>"; };
		70D2DBA82888CD7F00037705 /* Tests macOS.xctest */ = {isa = PBXFileReference; explicitFileType = wrapper.cfbundle; includeInIndex = 0; path = "Tests macOS.xctest"; sourceTree = BUILT_PRODUCTS_DIR; };
		70D2DBAC2888CD7F00037705 /* Tests_macOS.swift */ = {isa = PBXFileReference; lastKnownFileType = sourcecode.swift; path = Tests_macOS.swift; sourceTree = "<group>"; };
		70D2DBAE2888CD7F00037705 /* Tests_macOSLaunchTests.swift */ = {isa = PBXFileReference; lastKnownFileType = sourcecode.swift; path = Tests_macOSLaunchTests.swift; sourceTree = "<group>"; };
/* End PBXFileReference section */

/* Begin PBXFrameworksBuildPhase section */
		70D2DB8C2888CD7F00037705 /* Frameworks */ = {
			isa = PBXFrameworksBuildPhase;
			buildActionMask = 2147483647;
			files = (
			);
			runOnlyForDeploymentPostprocessing = 0;
		};
		70D2DB922888CD7F00037705 /* Frameworks */ = {
			isa = PBXFrameworksBuildPhase;
			buildActionMask = 2147483647;
			files = (
			);
			runOnlyForDeploymentPostprocessing = 0;
		};
		70D2DB992888CD7F00037705 /* Frameworks */ = {
			isa = PBXFrameworksBuildPhase;
			buildActionMask = 2147483647;
			files = (
			);
			runOnlyForDeploymentPostprocessing = 0;
		};
		70D2DBA52888CD7F00037705 /* Frameworks */ = {
			isa = PBXFrameworksBuildPhase;
			buildActionMask = 2147483647;
			files = (
			);
			runOnlyForDeploymentPostprocessing = 0;
		};
/* End PBXFrameworksBuildPhase section */

/* Begin PBXGroup section */
		70D2DB822888CD7F00037705 = {
			isa = PBXGroup;
			children = (
				70D2DB872888CD7F00037705 /* Shared */,
				70D2DB962888CD7F00037705 /* macOS */,
				70D2DB9F2888CD7F00037705 /* Tests iOS */,
				70D2DBAB2888CD7F00037705 /* Tests macOS */,
				70D2DB902888CD7F00037705 /* Products */,
			);
			sourceTree = "<group>";
		};
		70D2DB872888CD7F00037705 /* Shared */ = {
			isa = PBXGroup;
			children = (
				70D2DB882888CD7F00037705 /* checkpointApp.swift */,
				70D2DB892888CD7F00037705 /* ContentView.swift */,
				70D2DB8A2888CD7F00037705 /* Assets.xcassets */,
			);
			path = Shared;
			sourceTree = "<group>";
		};
		70D2DB902888CD7F00037705 /* Products */ = {
			isa = PBXGroup;
			children = (
				70D2DB8F2888CD7F00037705 /* checkpoint.app */,
				70D2DB952888CD7F00037705 /* checkpoint.app */,
				70D2DB9C2888CD7F00037705 /* Tests iOS.xctest */,
				70D2DBA82888CD7F00037705 /* Tests macOS.xctest */,
			);
			name = Products;
			sourceTree = "<group>";
		};
		70D2DB962888CD7F00037705 /* macOS */ = {
			isa = PBXGroup;
			children = (
				70D2DB972888CD7F00037705 /* macOS.entitlements */,
			);
			path = macOS;
			sourceTree = "<group>";
		};
		70D2DB9F2888CD7F00037705 /* Tests iOS */ = {
			isa = PBXGroup;
			children = (
				70D2DBA02888CD7F00037705 /* Tests_iOS.swift */,
				70D2DBA22888CD7F00037705 /* Tests_iOSLaunchTests.swift */,
			);
			path = "Tests iOS";
			sourceTree = "<group>";
		};
		70D2DBAB2888CD7F00037705 /* Tests macOS */ = {
			isa = PBXGroup;
			children = (
				70D2DBAC2888CD7F00037705 /* Tests_macOS.swift */,
				70D2DBAE2888CD7F00037705 /* Tests_macOSLaunchTests.swift */,
			);
			path = "Tests macOS";
			sourceTree = "<group>";
		};
/* End PBXGroup section */

/* Begin PBXNativeTarget section */
		70D2DB8E2888CD7F00037705 /* checkpoint (iOS) */ = {
			isa = PBXNativeTarget;
			buildConfigurationList = 70D2DBB82888CD7F00037705 /* Build configuration list for PBXNativeTarget "checkpoint (iOS)" */;
			buildPhases = (
				70D2DB8B2888CD7F00037705 /* Sources */,
				70D2DB8C2888CD7F00037705 /* Frameworks */,
				70D2DB8D2888CD7F00037705 /* Resources */,
			);
			buildRules = (
			);
			dependencies = (
			);
			name = "checkpoint (iOS)";
			productName = "checkpoint (iOS)";
			productReference = 70D2DB8F2888CD7F00037705 /* checkpoint.app */;
			productType = "com.apple.product-type.application";
		};
		70D2DB942888CD7F00037705 /* checkpoint (macOS) */ = {
			isa = PBXNativeTarget;
			buildConfigurationList = 70D2DBBB2888CD7F00037705 /* Build configuration list for PBXNativeTarget "checkpoint (macOS)" */;
			buildPhases = (
				70D2DB912888CD7F00037705 /* Sources */,
				70D2DB922888CD7F00037705 /* Frameworks */,
				70D2DB932888CD7F00037705 /* Resources */,
			);
			buildRules = (
			);
			dependencies = (
			);
			name = "checkpoint (macOS)";
			productName = "checkpoint (macOS)";
			productReference = 70D2DB952888CD7F00037705 /* checkpoint.app */;
			productType = "com.apple.product-type.application";
		};
		70D2DB9B2888CD7F00037705 /* Tests iOS */ = {
			isa = PBXNativeTarget;
			buildConfigurationList = 70D2DBBE2888CD7F00037705 /* Build configuration list for PBXNativeTarget "Tests iOS" */;
			buildPhases = (
				70D2DB982888CD7F00037705 /* Sources */,
				70D2DB992888CD7F00037705 /* Frameworks */,
				70D2DB9A2888CD7F00037705 /* Resources */,
			);
			buildRules = (
			);
			dependencies = (
				70D2DB9E2888CD7F00037705 /* PBXTargetDependency */,
			);
			name = "Tests iOS";
			productName = "Tests iOS";
			productReference = 70D2DB9C2888CD7F00037705 /* Tests iOS.xctest */;
			productType = "com.apple.product-type.bundle.ui-testing";
		};
		70D2DBA72888CD7F00037705 /* Tests macOS */ = {
			isa = PBXNativeTarget;
			buildConfigurationList = 70D2DBC12888CD7F00037705 /* Build configuration list for PBXNativeTarget "Tests macOS" */;
			buildPhases = (
				70D2DBA42888CD7F00037705 /* Sources */,
				70D2DBA52888CD7F00037705 /* Frameworks */,
				70D2DBA62888CD7F00037705 /* Resources */,
			);
			buildRules = (
			);
			dependencies = (
				70D2DBAA2888CD7F00037705 /* PBXTargetDependency */,
			);
			name = "Tests macOS";
			productName = "Tests macOS";
			productReference = 70D2DBA82888CD7F00037705 /* Tests macOS.xctest */;
			productType = "com.apple.product-type.bundle.ui-testing";
		};
/* End PBXNativeTarget section */

/* Begin PBXProject section */
		70D2DB832888CD7F00037705 /* Project object */ = {
			isa = PBXProject;
			attributes = {
				BuildIndependentTargetsInParallel = 1;
				LastSwiftUpdateCheck = 1340;
				LastUpgradeCheck = 1340;
				TargetAttributes = {
					70D2DB8E2888CD7F00037705 = {
						CreatedOnToolsVersion = 13.4.1;
					};
					70D2DB942888CD7F00037705 = {
						CreatedOnToolsVersion = 13.4.1;
					};
					70D2DB9B2888CD7F00037705 = {
						CreatedOnToolsVersion = 13.4.1;
						TestTargetID = 70D2DB8E2888CD7F00037705;
					};
					70D2DBA72888CD7F00037705 = {
						CreatedOnToolsVersion = 13.4.1;
						TestTargetID = 70D2DB942888CD7F00037705;
					};
				};
			};
			buildConfigurationList = 70D2DB862888CD7F00037705 /* Build configuration list for PBXProject "checkpoint" */;
			compatibilityVersion = "Xcode 13.0";
			developmentRegion = en;
			hasScannedForEncodings = 0;
			knownRegions = (
				en,
				Base,
			);
			mainGroup = 70D2DB822888CD7F00037705;
			productRefGroup = 70D2DB902888CD7F00037705 /* Products */;
			projectDirPath = "";
			projectRoot = "";
			targets = (
				70D2DB8E2888CD7F00037705 /* checkpoint (iOS) */,
				70D2DB942888CD7F00037705 /* checkpoint (macOS) */,
				70D2DB9B2888CD7F00037705 /* Tests iOS */,
				70D2DBA72888CD7F00037705 /* Tests macOS */,
			);
		};
/* End PBXProject section */

/* Begin PBXResourcesBuildPhase section */
		70D2DB8D2888CD7F00037705 /* Resources */ = {
			isa = PBXResourcesBuildPhase;
			buildActionMask = 2147483647;
			files = (
				70D2DBB42888CD7F00037705 /* Assets.xcassets in Resources */,
			);
			runOnlyForDeploymentPostprocessing = 0;
		};
		70D2DB932888CD7F00037705 /* Resources */ = {
			isa = PBXResourcesBuildPhase;
			buildActionMask = 2147483647;
			files = (
				70D2DBB52888CD7F00037705 /* Assets.xcassets in Resources */,
			);
			runOnlyForDeploymentPostprocessing = 0;
		};
		70D2DB9A2888CD7F00037705 /* Resources */ = {
			isa = PBXResourcesBuildPhase;
			buildActionMask = 2147483647;
			files = (
			);
			runOnlyForDeploymentPostprocessing = 0;
		};
		70D2DBA62888CD7F00037705 /* Resources */ = {
			isa = PBXResourcesBuildPhase;
			buildActionMask = 2147483647;
			files = (
			);
			runOnlyForDeploymentPostprocessing = 0;
		};
/* End PBXResourcesBuildPhase section */

/* Begin PBXSourcesBuildPhase section */
		70D2DB8B2888CD7F00037705 /* Sources */ = {
			isa = PBXSourcesBuildPhase;
			buildActionMask = 2147483647;
			files = (
				70D2DBB22888CD7F00037705 /* ContentView.swift in Sources */,
				70D2DBB02888CD7F00037705 /* checkpointApp.swift in Sources */,
			);
			runOnlyForDeploymentPostprocessing = 0;
		};
		70D2DB912888CD7F00037705 /* Sources */ = {
			isa = PBXSourcesBuildPhase;
			buildActionMask = 2147483647;
			files = (
				70D2DBB32888CD7F00037705 /* ContentView.swift in Sources */,
				70D2DBB12888CD7F00037705 /* checkpointApp.swift in Sources */,
			);
			runOnlyForDeploymentPostprocessing = 0;
		};
		70D2DB982888CD7F00037705 /* Sources */ = {
			isa = PBXSourcesBuildPhase;
			buildActionMask = 2147483647;
			files = (
				70D2DBA32888CD7F00037705 /* Tests_iOSLaunchTests.swift in Sources */,
				70D2DBA12888CD7F00037705 /* Tests_iOS.swift in Sources */,
			);
			runOnlyForDeploymentPostprocessing = 0;
		};
		70D2DBA42888CD7F00037705 /* Sources */ = {
			isa = PBXSourcesBuildPhase;
			buildActionMask = 2147483647;
			files = (
				70D2DBAF2888CD7F00037705 /* Tests_macOSLaunchTests.swift in Sources */,
				70D2DBAD2888CD7F00037705 /* Tests_macOS.swift in Sources */,
			);
			runOnlyForDeploymentPostprocessing = 0;
		};
/* End PBXSourcesBuildPhase section */

/* Begin PBXTargetDependency section */
		70D2DB9E2888CD7F00037705 /* PBXTargetDependency */ = {
			isa = PBXTargetDependency;
			target = 70D2DB8E2888CD7F00037705 /* checkpoint (iOS) */;
			targetProxy = 70D2DB9D2888CD7F00037705 /* PBXContainerItemProxy */;
		};
		70D2DBAA2888CD7F00037705 /* PBXTargetDependency */ = {
			isa = PBXTargetDependency;
			target = 70D2DB942888CD7F00037705 /* checkpoint (macOS) */;
			targetProxy = 70D2DBA92888CD7F00037705 /* PBXContainerItemProxy */;
		};
/* End PBXTargetDependency section */

/* Begin XCBuildConfiguration section */
		70D2DBB62888CD7F00037705 /* Debug */ = {
			isa = XCBuildConfiguration;
			buildSettings = {
				ALWAYS_SEARCH_USER_PATHS = NO;
				CLANG_ANALYZER_NONNULL = YES;
				CLANG_ANALYZER_NUMBER_OBJECT_CONVERSION = YES_AGGRESSIVE;
				CLANG_CXX_LANGUAGE_STANDARD = "gnu++17";
				CLANG_ENABLE_MODULES = YES;
				CLANG_ENABLE_OBJC_ARC = YES;
				CLANG_ENABLE_OBJC_WEAK = YES;
				CLANG_WARN_BLOCK_CAPTURE_AUTORELEASING = YES;
				CLANG_WARN_BOOL_CONVERSION = YES;
				CLANG_WARN_COMMA = YES;
				CLANG_WARN_CONSTANT_CONVERSION = YES;
				CLANG_WARN_DEPRECATED_OBJC_IMPLEMENTATIONS = YES;
				CLANG_WARN_DIRECT_OBJC_ISA_USAGE = YES_ERROR;
				CLANG_WARN_DOCUMENTATION_COMMENTS = YES;
				CLANG_WARN_EMPTY_BODY = YES;
				CLANG_WARN_ENUM_CONVERSION = YES;
				CLANG_WARN_INFINITE_RECURSION = YES;
				CLANG_WARN_INT_CONVERSION = YES;
				CLANG_WARN_NON_LITERAL_NULL_CONVERSION = YES;
				CLANG_WARN_OBJC_IMPLICIT_RETAIN_SELF = YES;
				CLANG_WARN_OBJC_LITERAL_CONVERSION = YES;
				CLANG_WARN_OBJC_ROOT_CLASS = YES_ERROR;
				CLANG_WARN_QUOTED_INCLUDE_IN_FRAMEWORK_HEADER = YES;
				CLANG_WARN_RANGE_LOOP_ANALYSIS = YES;
				CLANG_WARN_STRICT_PROTOTYPES = YES;
				CLANG_WARN_SUSPICIOUS_MOVE = YES;
				CLANG_WARN_UNGUARDED_AVAILABILITY = YES_AGGRESSIVE;
				CLANG_WARN_UNREACHABLE_CODE = YES;
				CLANG_WARN__DUPLICATE_METHOD_MATCH = YES;
				COPY_PHASE_STRIP = NO;
				DEBUG_INFORMATION_FORMAT = dwarf;
				ENABLE_STRICT_OBJC_MSGSEND = YES;
				ENABLE_TESTABILITY = YES;
				GCC_C_LANGUAGE_STANDARD = gnu11;
				GCC_DYNAMIC_NO_PIC = NO;
				GCC_NO_COMMON_BLOCKS = YES;
				GCC_OPTIMIZATION_LEVEL = 0;
				GCC_PREPROCESSOR_DEFINITIONS = (
					"DEBUG=1",
					"$(inherited)",
				);
				GCC_WARN_64_TO_32_BIT_CONVERSION = YES;
				GCC_WARN_ABOUT_RETURN_TYPE = YES_ERROR;
				GCC_WARN_UNDECLARED_SELECTOR = YES;
				GCC_WARN_UNINITIALIZED_AUTOS = YES_AGGRESSIVE;
				GCC_WARN_UNUSED_FUNCTION = YES;
				GCC_WARN_UNUSED_VARIABLE = YES;
				MTL_ENABLE_DEBUG_INFO = INCLUDE_SOURCE;
				MTL_FAST_MATH = YES;
				ONLY_ACTIVE_ARCH = YES;
				SWIFT_ACTIVE_COMPILATION_CONDITIONS = DEBUG;
				SWIFT_OPTIMIZATION_LEVEL = "-Onone";
			};
			name = Debug;
		};
		70D2DBB72888CD7F00037705 /* Release */ = {
			isa = XCBuildConfiguration;
			buildSettings = {
				ALWAYS_SEARCH_USER_PATHS = NO;
				CLANG_ANALYZER_NONNULL = YES;
				CLANG_ANALYZER_NUMBER_OBJECT_CONVERSION = YES_AGGRESSIVE;
				CLANG_CXX_LANGUAGE_STANDARD = "gnu++17";
				CLANG_ENABLE_MODULES = YES;
				CLANG_ENABLE_OBJC_ARC = YES;
				CLANG_ENABLE_OBJC_WEAK = YES;
				CLANG_WARN_BLOCK_CAPTURE_AUTORELEASING = YES;
				CLANG_WARN_BOOL_CONVERSION = YES;
				CLANG_WARN_COMMA = YES;
				CLANG_WARN_CONSTANT_CONVERSION = YES;
				CLANG_WARN_DEPRECATED_OBJC_IMPLEMENTATIONS = YES;
				CLANG_WARN_DIRECT_OBJC_ISA_USAGE = YES_ERROR;
				CLANG_WARN_DOCUMENTATION_COMMENTS = YES;
				CLANG_WARN_EMPTY_BODY = YES;
				CLANG_WARN_ENUM_CONVERSION = YES;
				CLANG_WARN_INFINITE_RECURSION = YES;
				CLANG_WARN_INT_CONVERSION = YES;
				CLANG_WARN_NON_LITERAL_NULL_CONVERSION = YES;
				CLANG_WARN_OBJC_IMPLICIT_RETAIN_SELF = YES;
				CLANG_WARN_OBJC_LITERAL_CONVERSION = YES;
				CLANG_WARN_OBJC_ROOT_CLASS = YES_ERROR;
				CLANG_WARN_QUOTED_INCLUDE_IN_FRAMEWORK_HEADER = YES;
				CLANG_WARN_RANGE_LOOP_ANALYSIS = YES;
				CLANG_WARN_STRICT_PROTOTYPES = YES;
				CLANG_WARN_SUSPICIOUS_MOVE = YES;
				CLANG_WARN_UNGUARDED_AVAILABILITY = YES_AGGRESSIVE;
				CLANG_WARN_UNREACHABLE_CODE = YES;
				CLANG_WARN__DUPLICATE_METHOD_MATCH = YES;
				COPY_PHASE_STRIP = NO;
				DEBUG_INFORMATION_FORMAT = "dwarf-with-dsym";
				ENABLE_NS_ASSERTIONS = NO;
				ENABLE_STRICT_OBJC_MSGSEND = YES;
				GCC_C_LANGUAGE_STANDARD = gnu11;
				GCC_NO_COMMON_BLOCKS = YES;
				GCC_WARN_64_TO_32_BIT_CONVERSION = YES;
				GCC_WARN_ABOUT_RETURN_TYPE = YES_ERROR;
				GCC_WARN_UNDECLARED_SELECTOR = YES;
				GCC_WARN_UNINITIALIZED_AUTOS = YES_AGGRESSIVE;
				GCC_WARN_UNUSED_FUNCTION = YES;
				GCC_WARN_UNUSED_VARIABLE = YES;
				MTL_ENABLE_DEBUG_INFO = NO;
				MTL_FAST_MATH = YES;
				SWIFT_COMPILATION_MODE = wholemodule;
				SWIFT_OPTIMIZATION_LEVEL = "-O";
			};
			name = Release;
		};
		70D2DBB92888CD7F00037705 /* Debug */ = {
			isa = XCBuildConfiguration;
			buildSettings = {
				ASSETCATALOG_COMPILER_APPICON_NAME = AppIcon;
				ASSETCATALOG_COMPILER_GLOBAL_ACCENT_COLOR_NAME = AccentColor;
				CODE_SIGN_STYLE = Automatic;
				CURRENT_PROJECT_VERSION = 1;
				DEVELOPMENT_TEAM = N92ZZ9Q2HJ;
				ENABLE_PREVIEWS = YES;
				GENERATE_INFOPLIST_FILE = YES;
				INFOPLIST_KEY_UIApplicationSceneManifest_Generation = YES;
				INFOPLIST_KEY_UIApplicationSupportsIndirectInputEvents = YES;
				INFOPLIST_KEY_UILaunchScreen_Generation = YES;
				INFOPLIST_KEY_UISupportedInterfaceOrientations_iPad = "UIInterfaceOrientationPortrait UIInterfaceOrientationPortraitUpsideDown UIInterfaceOrientationLandscapeLeft UIInterfaceOrientationLandscapeRight";
				INFOPLIST_KEY_UISupportedInterfaceOrientations_iPhone = "UIInterfaceOrientationPortrait UIInterfaceOrientationLandscapeLeft UIInterfaceOrientationLandscapeRight";
				IPHONEOS_DEPLOYMENT_TARGET = 15.5;
				LD_RUNPATH_SEARCH_PATHS = (
					"$(inherited)",
					"@executable_path/Frameworks",
				);
				MARKETING_VERSION = 1.0;
				PRODUCT_BUNDLE_IDENTIFIER = infiniton.checkpoint;
				PRODUCT_NAME = checkpoint;
				SDKROOT = iphoneos;
				SWIFT_EMIT_LOC_STRINGS = YES;
				SWIFT_VERSION = 5.0;
				TARGETED_DEVICE_FAMILY = "1,2";
			};
			name = Debug;
		};
		70D2DBBA2888CD7F00037705 /* Release */ = {
			isa = XCBuildConfiguration;
			buildSettings = {
				ASSETCATALOG_COMPILER_APPICON_NAME = AppIcon;
				ASSETCATALOG_COMPILER_GLOBAL_ACCENT_COLOR_NAME = AccentColor;
				CODE_SIGN_STYLE = Automatic;
				CURRENT_PROJECT_VERSION = 1;
				DEVELOPMENT_TEAM = N92ZZ9Q2HJ;
				ENABLE_PREVIEWS = YES;
				GENERATE_INFOPLIST_FILE = YES;
				INFOPLIST_KEY_UIApplicationSceneManifest_Generation = YES;
				INFOPLIST_KEY_UIApplicationSupportsIndirectInputEvents = YES;
				INFOPLIST_KEY_UILaunchScreen_Generation = YES;
				INFOPLIST_KEY_UISupportedInterfaceOrientations_iPad = "UIInterfaceOrientationPortrait UIInterfaceOrientationPortraitUpsideDown UIInterfaceOrientationLandscapeLeft UIInterfaceOrientationLandscapeRight";
				INFOPLIST_KEY_UISupportedInterfaceOrientations_iPhone = "UIInterfaceOrientationPortrait UIInterfaceOrientationLandscapeLeft UIInterfaceOrientationLandscapeRight";
				IPHONEOS_DEPLOYMENT_TARGET = 15.5;
				LD_RUNPATH_SEARCH_PATHS = (
					"$(inherited)",
					"@executable_path/Frameworks",
				);
				MARKETING_VERSION = 1.0;
				PRODUCT_BUNDLE_IDENTIFIER = infiniton.checkpoint;
				PRODUCT_NAME = checkpoint;
				SDKROOT = iphoneos;
				SWIFT_EMIT_LOC_STRINGS = YES;
				SWIFT_VERSION = 5.0;
				TARGETED_DEVICE_FAMILY = "1,2";
				VALIDATE_PRODUCT = YES;
			};
			name = Release;
		};
		70D2DBBC2888CD7F00037705 /* Debug */ = {
			isa = XCBuildConfiguration;
			buildSettings = {
				ASSETCATALOG_COMPILER_APPICON_NAME = AppIcon;
				ASSETCATALOG_COMPILER_GLOBAL_ACCENT_COLOR_NAME = AccentColor;
				CODE_SIGN_ENTITLEMENTS = macOS/macOS.entitlements;
				CODE_SIGN_STYLE = Automatic;
				COMBINE_HIDPI_IMAGES = YES;
				CURRENT_PROJECT_VERSION = 1;
				DEVELOPMENT_TEAM = N92ZZ9Q2HJ;
				ENABLE_HARDENED_RUNTIME = YES;
				ENABLE_PREVIEWS = YES;
				GENERATE_INFOPLIST_FILE = YES;
				INFOPLIST_KEY_NSHumanReadableCopyright = "";
				LD_RUNPATH_SEARCH_PATHS = (
					"$(inherited)",
					"@executable_path/../Frameworks",
				);
				MACOSX_DEPLOYMENT_TARGET = 12.3;
				MARKETING_VERSION = 1.0;
				PRODUCT_BUNDLE_IDENTIFIER = infiniton.checkpoint;
				PRODUCT_NAME = checkpoint;
				SDKROOT = macosx;
				SWIFT_EMIT_LOC_STRINGS = YES;
				SWIFT_VERSION = 5.0;
			};
			name = Debug;
		};
		70D2DBBD2888CD7F00037705 /* Release */ = {
			isa = XCBuildConfiguration;
			buildSettings = {
				ASSETCATALOG_COMPILER_APPICON_NAME = AppIcon;
				ASSETCATALOG_COMPILER_GLOBAL_ACCENT_COLOR_NAME = AccentColor;
				CODE_SIGN_ENTITLEMENTS = macOS/macOS.entitlements;
				CODE_SIGN_STYLE = Automatic;
				COMBINE_HIDPI_IMAGES = YES;
				CURRENT_PROJECT_VERSION = 1;
				DEVELOPMENT_TEAM = N92ZZ9Q2HJ;
				ENABLE_HARDENED_RUNTIME = YES;
				ENABLE_PREVIEWS = YES;
				GENERATE_INFOPLIST_FILE = YES;
				INFOPLIST_KEY_NSHumanReadableCopyright = "";
				LD_RUNPATH_SEARCH_PATHS = (
					"$(inherited)",
					"@executable_path/../Frameworks",
				);
				MACOSX_DEPLOYMENT_TARGET = 12.3;
				MARKETING_VERSION = 1.0;
				PRODUCT_BUNDLE_IDENTIFIER = infiniton.checkpoint;
				PRODUCT_NAME = checkpoint;
				SDKROOT = macosx;
				SWIFT_EMIT_LOC_STRINGS = YES;
				SWIFT_VERSION = 5.0;
			};
			name = Release;
		};
		70D2DBBF2888CD7F00037705 /* Debug */ = {
			isa = XCBuildConfiguration;
			buildSettings = {
				ALWAYS_EMBED_SWIFT_STANDARD_LIBRARIES = YES;
				CODE_SIGN_STYLE = Automatic;
				CURRENT_PROJECT_VERSION = 1;
				DEVELOPMENT_TEAM = N92ZZ9Q2HJ;
				GENERATE_INFOPLIST_FILE = YES;
				IPHONEOS_DEPLOYMENT_TARGET = 15.5;
				MARKETING_VERSION = 1.0;
				PRODUCT_BUNDLE_IDENTIFIER = "infiniton.Tests-iOS";
				PRODUCT_NAME = "$(TARGET_NAME)";
				SDKROOT = iphoneos;
				SWIFT_EMIT_LOC_STRINGS = NO;
				SWIFT_VERSION = 5.0;
				TARGETED_DEVICE_FAMILY = "1,2";
				TEST_TARGET_NAME = "checkpoint (iOS)";
			};
			name = Debug;
		};
		70D2DBC02888CD7F00037705 /* Release */ = {
			isa = XCBuildConfiguration;
			buildSettings = {
				ALWAYS_EMBED_SWIFT_STANDARD_LIBRARIES = YES;
				CODE_SIGN_STYLE = Automatic;
				CURRENT_PROJECT_VERSION = 1;
				DEVELOPMENT_TEAM = N92ZZ9Q2HJ;
				GENERATE_INFOPLIST_FILE = YES;
				IPHONEOS_DEPLOYMENT_TARGET = 15.5;
				MARKETING_VERSION = 1.0;
				PRODUCT_BUNDLE_IDENTIFIER = "infiniton.Tests-iOS";
				PRODUCT_NAME = "$(TARGET_NAME)";
				SDKROOT = iphoneos;
				SWIFT_EMIT_LOC_STRINGS = NO;
				SWIFT_VERSION = 5.0;
				TARGETED_DEVICE_FAMILY = "1,2";
				TEST_TARGET_NAME = "checkpoint (iOS)";
				VALIDATE_PRODUCT = YES;
			};
			name = Release;
		};
		70D2DBC22888CD7F00037705 /* Debug */ = {
			isa = XCBuildConfiguration;
			buildSettings = {
				ALWAYS_EMBED_SWIFT_STANDARD_LIBRARIES = YES;
				CODE_SIGN_STYLE = Automatic;
				CURRENT_PROJECT_VERSION = 1;
				DEVELOPMENT_TEAM = N92ZZ9Q2HJ;
				GENERATE_INFOPLIST_FILE = YES;
				MACOSX_DEPLOYMENT_TARGET = 12.3;
				MARKETING_VERSION = 1.0;
				PRODUCT_BUNDLE_IDENTIFIER = "infiniton.Tests-macOS";
				PRODUCT_NAME = "$(TARGET_NAME)";
				SDKROOT = macosx;
				SWIFT_EMIT_LOC_STRINGS = NO;
				SWIFT_VERSION = 5.0;
				TEST_TARGET_NAME = "checkpoint (macOS)";
			};
			name = Debug;
		};
		70D2DBC32888CD7F00037705 /* Release */ = {
			isa = XCBuildConfiguration;
			buildSettings = {
				ALWAYS_EMBED_SWIFT_STANDARD_LIBRARIES = YES;
				CODE_SIGN_STYLE = Automatic;
				CURRENT_PROJECT_VERSION = 1;
				DEVELOPMENT_TEAM = N92ZZ9Q2HJ;
				GENERATE_INFOPLIST_FILE = YES;
				MACOSX_DEPLOYMENT_TARGET = 12.3;
				MARKETING_VERSION = 1.0;
				PRODUCT_BUNDLE_IDENTIFIER = "infiniton.Tests-macOS";
				PRODUCT_NAME = "$(TARGET_NAME)";
				SDKROOT = macosx;
				SWIFT_EMIT_LOC_STRINGS = NO;
				SWIFT_VERSION = 5.0;
				TEST_TARGET_NAME = "checkpoint (macOS)";
			};
			name = Release;
		};
/* End XCBuildConfiguration section */

/* Begin XCConfigurationList section */
		70D2DB862888CD7F00037705 /* Build configuration list for PBXProject "checkpoint" */ = {
			isa = XCConfigurationList;
			buildConfigurations = (
				70D2DBB62888CD7F00037705 /* Debug */,
				70D2DBB72888CD7F00037705 /* Release */,
			);
			defaultConfigurationIsVisible = 0;
			defaultConfigurationName = Release;
		};
		70D2DBB82888CD7F00037705 /* Build configuration list for PBXNativeTarget "checkpoint (iOS)" */ = {
			isa = XCConfigurationList;
			buildConfigurations = (
				70D2DBB92888CD7F00037705 /* Debug */,
				70D2DBBA2888CD7F00037705 /* Release */,
			);
			defaultConfigurationIsVisible = 0;
			defaultConfigurationName = Release;
		};
		70D2DBBB2888CD7F00037705 /* Build configuration list for PBXNativeTarget "checkpoint (macOS)" */ = {
			isa = XCConfigurationList;
			buildConfigurations = (
				70D2DBBC2888CD7F00037705 /* Debug */,
				70D2DBBD2888CD7F00037705 /* Release */,
			);
			defaultConfigurationIsVisible = 0;
			defaultConfigurationName = Release;
		};
		70D2DBBE2888CD7F00037705 /* Build configuration list for PBXNativeTarget "Tests iOS" */ = {
			isa = XCConfigurationList;
			buildConfigurations = (
				70D2DBBF2888CD7F00037705 /* Debug */,
				70D2DBC02888CD7F00037705 /* Release */,
			);
			defaultConfigurationIsVisible = 0;
			defaultConfigurationName = Release;
		};
		70D2DBC12888CD7F00037705 /* Build configuration list for PBXNativeTarget "Tests macOS" */ = {
			isa = XCConfigurationList;
			buildConfigurations = (
				70D2DBC22888CD7F00037705 /* Debug */,
				70D2DBC32888CD7F00037705 /* Release */,
			);
			defaultConfigurationIsVisible = 0;
			defaultConfigurationName = Release;
		};
/* End XCConfigurationList section */
	};
	rootObject = 70D2DB832888CD7F00037705 /* Project object */;
}
